
Microsoft Visual Studio Solution File, Format Version 12.00
# Visual Studio Version 16
VisualStudioVersion = 16.0.32228.343
MinimumVisualStudioVersion = 10.0.40219.1
Project("{FAE04EC0-301F-11D3-BF4B-00C04F79EFBC}") = "AggelosGkampis_Individual_part_a", "AggelosGkampis_Individual_part_a\AggelosGkampis_Individual_part_a.csproj", "{DFC4FC85-E676-43FB-9EAD-3520FC49E5A8}"
EndProject
Global
	GlobalSection(SolutionConfigurationPlatforms) = preSolution
		Debug|Any CPU = Debug|Any CPU
		Release|Any CPU = Release|Any CPU
	EndGlobalSection
	GlobalSection(ProjectConfigurationPlatforms) = postSolution
		{DFC4FC85-E676-43FB-9EAD-3520FC49E5A8}.Debug|Any CPU.ActiveCfg = Debug|Any CPU
		{DFC4FC85-E676-43FB-9EAD-3520FC49E5A8}.Debug|Any CPU.Build.0 = Debug|Any CPU
		{DFC4FC85-E676-43FB-9EAD-3520FC49E5A8}.Release|Any CPU.ActiveCfg = Release|Any CPU
		{DFC4FC85-E676-43FB-9EAD-3520FC49E5A8}.Release|Any CPU.Build.0 = Release|Any CPU
	EndGlobalSection
	GlobalSection(SolutionProperties) = preSolution
		HideSolutionNode = FALSE
	EndGlobalSection
	GlobalSection(ExtensibilityGlobals) = postSolution
		SolutionGuid = {C4F745C2-6686-49FC-8C66-B8AC29A7AC0E}
	EndGlobalSection
EndGlobal
